
Microsoft Visual Studio Solution File, Format Version 12.00
# Visual Studio Version 17
VisualStudioVersion = 17.11.35327.3
MinimumVisualStudioVersion = 10.0.40219.1
Project("{FAE04EC0-301F-11D3-BF4B-00C04F79EFBC}") = "Tarea_01_Modulo3", "Tarea_01_Modulo3\Tarea_01_Modulo3.csproj", "{A8399BF2-11A6-484C-BF58-CA9846EE5415}"
EndProject
Global
	GlobalSection(SolutionConfigurationPlatforms) = preSolution
		Debug|Any CPU = Debug|Any CPU
		Release|Any CPU = Release|Any CPU
	EndGlobalSection
	GlobalSection(ProjectConfigurationPlatforms) = postSolution
		{A8399BF2-11A6-484C-BF58-CA9846EE5415}.Debug|Any CPU.ActiveCfg = Debug|Any CPU
		{A8399BF2-11A6-484C-BF58-CA9846EE5415}.Debug|Any CPU.Build.0 = Debug|Any CPU
		{A8399BF2-11A6-484C-BF58-CA9846EE5415}.Release|Any CPU.ActiveCfg = Release|Any CPU
		{A8399BF2-11A6-484C-BF58-CA9846EE5415}.Release|Any CPU.Build.0 = Release|Any CPU
	EndGlobalSection
	GlobalSection(SolutionProperties) = preSolution
		HideSolutionNode = FALSE
	EndGlobalSection
	GlobalSection(ExtensibilityGlobals) = postSolution
		SolutionGuid = {B63F0EB1-F3B5-47CD-85DF-8FEB8672C9EA}
	EndGlobalSection
EndGlobal
